// !$*UTF8*$!
{
	archiveVersion = 1;
	classes = {
	};
	objectVersion = 50;
	objects = {

/* Begin PBXBuildFile section */
		7EA14E9321B3DB5A0021D95B /* utils.cpp in Sources */ = {isa = PBXBuildFile; fileRef = 7EA14E8F21B3DB5A0021D95B /* utils.cpp */; };
		7EA14E9421B3DB5A0021D95B /* tld.cpp in Sources */ = {isa = PBXBuildFile; fileRef = 7EA14E9121B3DB5A0021D95B /* tld.cpp */; };
		7EA14E9A21B3DB6D0021D95B /* frame.cpp in Sources */ = {isa = PBXBuildFile; fileRef = 7EA14E9621B3DB6D0021D95B /* frame.cpp */; };
		7EF09B9721AAA7BA008AB1C7 /* main.cpp in Sources */ = {isa = PBXBuildFile; fileRef = 7EF09B9621AAA7BA008AB1C7 /* main.cpp */; };
/* End PBXBuildFile section */

/* Begin PBXCopyFilesBuildPhase section */
		7EF09B9121AAA7BA008AB1C7 /* CopyFiles */ = {
			isa = PBXCopyFilesBuildPhase;
			buildActionMask = 2147483647;
			dstPath = /usr/share/man/man1/;
			dstSubfolderSpec = 0;
			files = (
			);
			runOnlyForDeploymentPostprocessing = 1;
		};
/* End PBXCopyFilesBuildPhase section */

/* Begin PBXFileReference section */
		7EA14E8F21B3DB5A0021D95B /* utils.cpp */ = {isa = PBXFileReference; fileEncoding = 4; lastKnownFileType = sourcecode.cpp.cpp; path = utils.cpp; sourceTree = "<group>"; };
		7EA14E9021B3DB5A0021D95B /* tld.hpp */ = {isa = PBXFileReference; fileEncoding = 4; lastKnownFileType = sourcecode.cpp.h; path = tld.hpp; sourceTree = "<group>"; };
		7EA14E9121B3DB5A0021D95B /* tld.cpp */ = {isa = PBXFileReference; fileEncoding = 4; lastKnownFileType = sourcecode.cpp.cpp; path = tld.cpp; sourceTree = "<group>"; };
		7EA14E9221B3DB5A0021D95B /* utils.hpp */ = {isa = PBXFileReference; fileEncoding = 4; lastKnownFileType = sourcecode.cpp.h; path = utils.hpp; sourceTree = "<group>"; };
		7EA14E9621B3DB6D0021D95B /* frame.cpp */ = {isa = PBXFileReference; fileEncoding = 4; lastKnownFileType = sourcecode.cpp.cpp; path = frame.cpp; sourceTree = "<group>"; };
		7EA14E9721B3DB6D0021D95B /* scvdef.h */ = {isa = PBXFileReference; fileEncoding = 4; lastKnownFileType = sourcecode.c.h; path = scvdef.h; sourceTree = "<group>"; };
		7EA14E9821B3DB6D0021D95B /* types.hpp */ = {isa = PBXFileReference; fileEncoding = 4; lastKnownFileType = sourcecode.cpp.h; path = types.hpp; sourceTree = "<group>"; };
		7EA14E9921B3DB6D0021D95B /* frame.hpp */ = {isa = PBXFileReference; fileEncoding = 4; lastKnownFileType = sourcecode.cpp.h; path = frame.hpp; sourceTree = "<group>"; };
		7EA14E9B21B3DBA60021D95B /* tld_types.hpp */ = {isa = PBXFileReference; fileEncoding = 4; lastKnownFileType = sourcecode.cpp.h; path = tld_types.hpp; sourceTree = "<group>"; };
		7EF09B9321AAA7BA008AB1C7 /* scv */ = {isa = PBXFileReference; explicitFileType = "compiled.mach-o.executable"; includeInIndex = 0; path = scv; sourceTree = BUILT_PRODUCTS_DIR; };
		7EF09B9621AAA7BA008AB1C7 /* main.cpp */ = {isa = PBXFileReference; lastKnownFileType = sourcecode.cpp.cpp; path = main.cpp; sourceTree = "<group>"; };
/* End PBXFileReference section */

/* Begin PBXFrameworksBuildPhase section */
		7EF09B9021AAA7BA008AB1C7 /* Frameworks */ = {
			isa = PBXFrameworksBuildPhase;
			buildActionMask = 2147483647;
			files = (
			);
			runOnlyForDeploymentPostprocessing = 0;
		};
/* End PBXFrameworksBuildPhase section */

/* Begin PBXGroup section */
		7EA14E8E21B3DB5A0021D95B /* tld */ = {
			isa = PBXGroup;
			children = (
				7EA14E9B21B3DBA60021D95B /* tld_types.hpp */,
				7EA14E8F21B3DB5A0021D95B /* utils.cpp */,
				7EA14E9021B3DB5A0021D95B /* tld.hpp */,
				7EA14E9121B3DB5A0021D95B /* tld.cpp */,
				7EA14E9221B3DB5A0021D95B /* utils.hpp */,
			);
			name = tld;
			path = ../../../src/tld;
			sourceTree = "<group>";
		};
		7EA14E9521B3DB6D0021D95B /* cv */ = {
			isa = PBXGroup;
			children = (
				7EA14E9621B3DB6D0021D95B /* frame.cpp */,
				7EA14E9721B3DB6D0021D95B /* scvdef.h */,
				7EA14E9821B3DB6D0021D95B /* types.hpp */,
				7EA14E9921B3DB6D0021D95B /* frame.hpp */,
			);
			name = cv;
			path = ../../../src/cv;
			sourceTree = "<group>";
		};
		7EF09B8A21AAA7BA008AB1C7 = {
			isa = PBXGroup;
			children = (
				7EF09B9521AAA7BA008AB1C7 /* scv */,
				7EF09B9421AAA7BA008AB1C7 /* Products */,
			);
			sourceTree = "<group>";
		};
		7EF09B9421AAA7BA008AB1C7 /* Products */ = {
			isa = PBXGroup;
			children = (
				7EF09B9321AAA7BA008AB1C7 /* scv */,
			);
			name = Products;
			sourceTree = "<group>";
		};
		7EF09B9521AAA7BA008AB1C7 /* scv */ = {
			isa = PBXGroup;
			children = (
				7EA14E9521B3DB6D0021D95B /* cv */,
				7EA14E8E21B3DB5A0021D95B /* tld */,
				7EF09B9621AAA7BA008AB1C7 /* main.cpp */,
			);
			path = scv;
			sourceTree = "<group>";
		};
/* End PBXGroup section */

/* Begin PBXNativeTarget section */
		7EF09B9221AAA7BA008AB1C7 /* scv */ = {
			isa = PBXNativeTarget;
			buildConfigurationList = 7EF09B9A21AAA7BA008AB1C7 /* Build configuration list for PBXNativeTarget "scv" */;
			buildPhases = (
				7EF09B8F21AAA7BA008AB1C7 /* Sources */,
				7EF09B9021AAA7BA008AB1C7 /* Frameworks */,
				7EF09B9121AAA7BA008AB1C7 /* CopyFiles */,
			);
			buildRules = (
			);
			dependencies = (
			);
			name = scv;
			productName = scv;
			productReference = 7EF09B9321AAA7BA008AB1C7 /* scv */;
			productType = "com.apple.product-type.tool";
		};
/* End PBXNativeTarget section */

/* Begin PBXProject section */
		7EF09B8B21AAA7BA008AB1C7 /* Project object */ = {
			isa = PBXProject;
			attributes = {
				LastUpgradeCheck = 1010;
				ORGANIZATIONNAME = samuelsong;
				TargetAttributes = {
					7EF09B9221AAA7BA008AB1C7 = {
						CreatedOnToolsVersion = 10.1;
					};
				};
			};
			buildConfigurationList = 7EF09B8E21AAA7BA008AB1C7 /* Build configuration list for PBXProject "scv" */;
			compatibilityVersion = "Xcode 9.3";
			developmentRegion = en;
			hasScannedForEncodings = 0;
			knownRegions = (
				en,
			);
			mainGroup = 7EF09B8A21AAA7BA008AB1C7;
			productRefGroup = 7EF09B9421AAA7BA008AB1C7 /* Products */;
			projectDirPath = "";
			projectRoot = "";
			targets = (
				7EF09B9221AAA7BA008AB1C7 /* scv */,
			);
		};
/* End PBXProject section */

/* Begin PBXSourcesBuildPhase section */
		7EF09B8F21AAA7BA008AB1C7 /* Sources */ = {
			isa = PBXSourcesBuildPhase;
			buildActionMask = 2147483647;
			files = (
				7EA14E9421B3DB5A0021D95B /* tld.cpp in Sources */,
				7EA14E9A21B3DB6D0021D95B /* frame.cpp in Sources */,
				7EF09B9721AAA7BA008AB1C7 /* main.cpp in Sources */,
				7EA14E9321B3DB5A0021D95B /* utils.cpp in Sources */,
			);
			runOnlyForDeploymentPostprocessing = 0;
		};
/* End PBXSourcesBuildPhase section */

/* Begin XCBuildConfiguration section */
		7EF09B9821AAA7BA008AB1C7 /* Debug */ = {
			isa = XCBuildConfiguration;
			buildSettings = {
				ALWAYS_SEARCH_USER_PATHS = NO;
				CLANG_ANALYZER_NONNULL = YES;
				CLANG_ANALYZER_NUMBER_OBJECT_CONVERSION = YES_AGGRESSIVE;
				CLANG_CXX_LANGUAGE_STANDARD = "gnu++14";
				CLANG_CXX_LIBRARY = "libc++";
				CLANG_ENABLE_MODULES = YES;
				CLANG_ENABLE_OBJC_ARC = YES;
				CLANG_ENABLE_OBJC_WEAK = YES;
				CLANG_WARN_BLOCK_CAPTURE_AUTORELEASING = YES;
				CLANG_WARN_BOOL_CONVERSION = YES;
				CLANG_WARN_COMMA = YES;
				CLANG_WARN_CONSTANT_CONVERSION = YES;
				CLANG_WARN_DEPRECATED_OBJC_IMPLEMENTATIONS = YES;
				CLANG_WARN_DIRECT_OBJC_ISA_USAGE = YES_ERROR;
				CLANG_WARN_DOCUMENTATION_COMMENTS = YES;
				CLANG_WARN_EMPTY_BODY = YES;
				CLANG_WARN_ENUM_CONVERSION = YES;
				CLANG_WARN_INFINITE_RECURSION = YES;
				CLANG_WARN_INT_CONVERSION = YES;
				CLANG_WARN_NON_LITERAL_NULL_CONVERSION = YES;
				CLANG_WARN_OBJC_IMPLICIT_RETAIN_SELF = YES;
				CLANG_WARN_OBJC_LITERAL_CONVERSION = YES;
				CLANG_WARN_OBJC_ROOT_CLASS = YES_ERROR;
				CLANG_WARN_RANGE_LOOP_ANALYSIS = YES;
				CLANG_WARN_STRICT_PROTOTYPES = YES;
				CLANG_WARN_SUSPICIOUS_MOVE = YES;
				CLANG_WARN_UNGUARDED_AVAILABILITY = YES_AGGRESSIVE;
				CLANG_WARN_UNREACHABLE_CODE = YES;
				CLANG_WARN__DUPLICATE_METHOD_MATCH = YES;
				CODE_SIGN_IDENTITY = "Mac Developer";
				COPY_PHASE_STRIP = NO;
				DEBUG_INFORMATION_FORMAT = dwarf;
				ENABLE_STRICT_OBJC_MSGSEND = YES;
				ENABLE_TESTABILITY = YES;
				GCC_C_LANGUAGE_STANDARD = gnu11;
				GCC_DYNAMIC_NO_PIC = NO;
				GCC_NO_COMMON_BLOCKS = YES;
				GCC_OPTIMIZATION_LEVEL = 0;
				GCC_PREPROCESSOR_DEFINITIONS = (
					"DEBUG=1",
					"$(inherited)",
				);
				GCC_WARN_64_TO_32_BIT_CONVERSION = YES;
				GCC_WARN_ABOUT_RETURN_TYPE = YES_ERROR;
				GCC_WARN_UNDECLARED_SELECTOR = YES;
				GCC_WARN_UNINITIALIZED_AUTOS = YES_AGGRESSIVE;
				GCC_WARN_UNUSED_FUNCTION = YES;
				GCC_WARN_UNUSED_VARIABLE = YES;
				MACOSX_DEPLOYMENT_TARGET = 10.14;
				MTL_ENABLE_DEBUG_INFO = INCLUDE_SOURCE;
				MTL_FAST_MATH = YES;
				ONLY_ACTIVE_ARCH = YES;
				SDKROOT = macosx;
			};
			name = Debug;
		};
		7EF09B9921AAA7BA008AB1C7 /* Release */ = {
			isa = XCBuildConfiguration;
			buildSettings = {
				ALWAYS_SEARCH_USER_PATHS = NO;
				CLANG_ANALYZER_NONNULL = YES;
				CLANG_ANALYZER_NUMBER_OBJECT_CONVERSION = YES_AGGRESSIVE;
				CLANG_CXX_LANGUAGE_STANDARD = "gnu++14";
				CLANG_CXX_LIBRARY = "libc++";
				CLANG_ENABLE_MODULES = YES;
				CLANG_ENABLE_OBJC_ARC = YES;
				CLANG_ENABLE_OBJC_WEAK = YES;
				CLANG_WARN_BLOCK_CAPTURE_AUTORELEASING = YES;
				CLANG_WARN_BOOL_CONVERSION = YES;
				CLANG_WARN_COMMA = YES;
				CLANG_WARN_CONSTANT_CONVERSION = YES;
				CLANG_WARN_DEPRECATED_OBJC_IMPLEMENTATIONS = YES;
				CLANG_WARN_DIRECT_OBJC_ISA_USAGE = YES_ERROR;
				CLANG_WARN_DOCUMENTATION_COMMENTS = YES;
				CLANG_WARN_EMPTY_BODY = YES;
				CLANG_WARN_ENUM_CONVERSION = YES;
				CLANG_WARN_INFINITE_RECURSION = YES;
				CLANG_WARN_INT_CONVERSION = YES;
				CLANG_WARN_NON_LITERAL_NULL_CONVERSION = YES;
				CLANG_WARN_OBJC_IMPLICIT_RETAIN_SELF = YES;
				CLANG_WARN_OBJC_LITERAL_CONVERSION = YES;
				CLANG_WARN_OBJC_ROOT_CLASS = YES_ERROR;
				CLANG_WARN_RANGE_LOOP_ANALYSIS = YES;
				CLANG_WARN_STRICT_PROTOTYPES = YES;
				CLANG_WARN_SUSPICIOUS_MOVE = YES;
				CLANG_WARN_UNGUARDED_AVAILABILITY = YES_AGGRESSIVE;
				CLANG_WARN_UNREACHABLE_CODE = YES;
				CLANG_WARN__DUPLICATE_METHOD_MATCH = YES;
				CODE_SIGN_IDENTITY = "Mac Developer";
				COPY_PHASE_STRIP = NO;
				DEBUG_INFORMATION_FORMAT = "dwarf-with-dsym";
				ENABLE_NS_ASSERTIONS = NO;
				ENABLE_STRICT_OBJC_MSGSEND = YES;
				GCC_C_LANGUAGE_STANDARD = gnu11;
				GCC_NO_COMMON_BLOCKS = YES;
				GCC_WARN_64_TO_32_BIT_CONVERSION = YES;
				GCC_WARN_ABOUT_RETURN_TYPE = YES_ERROR;
				GCC_WARN_UNDECLARED_SELECTOR = YES;
				GCC_WARN_UNINITIALIZED_AUTOS = YES_AGGRESSIVE;
				GCC_WARN_UNUSED_FUNCTION = YES;
				GCC_WARN_UNUSED_VARIABLE = YES;
				MACOSX_DEPLOYMENT_TARGET = 10.14;
				MTL_ENABLE_DEBUG_INFO = NO;
				MTL_FAST_MATH = YES;
				SDKROOT = macosx;
			};
			name = Release;
		};
		7EF09B9B21AAA7BA008AB1C7 /* Debug */ = {
			isa = XCBuildConfiguration;
			buildSettings = {
				CODE_SIGN_STYLE = Automatic;
				DEVELOPMENT_TEAM = 2TV8FB59SP;
				PRODUCT_NAME = "$(TARGET_NAME)";
			};
			name = Debug;
		};
		7EF09B9C21AAA7BA008AB1C7 /* Release */ = {
			isa = XCBuildConfiguration;
			buildSettings = {
				CODE_SIGN_STYLE = Automatic;
				DEVELOPMENT_TEAM = 2TV8FB59SP;
				PRODUCT_NAME = "$(TARGET_NAME)";
			};
			name = Release;
		};
/* End XCBuildConfiguration section */

/* Begin XCConfigurationList section */
		7EF09B8E21AAA7BA008AB1C7 /* Build configuration list for PBXProject "scv" */ = {
			isa = XCConfigurationList;
			buildConfigurations = (
				7EF09B9821AAA7BA008AB1C7 /* Debug */,
				7EF09B9921AAA7BA008AB1C7 /* Release */,
			);
			defaultConfigurationIsVisible = 0;
			defaultConfigurationName = Release;
		};
		7EF09B9A21AAA7BA008AB1C7 /* Build configuration list for PBXNativeTarget "scv" */ = {
			isa = XCConfigurationList;
			buildConfigurations = (
				7EF09B9B21AAA7BA008AB1C7 /* Debug */,
				7EF09B9C21AAA7BA008AB1C7 /* Release */,
			);
			defaultConfigurationIsVisible = 0;
			defaultConfigurationName = Release;
		};
/* End XCConfigurationList section */
	};
	rootObject = 7EF09B8B21AAA7BA008AB1C7 /* Project object */;
}
